
Microsoft Visual Studio Solution File, Format Version 11.00
# Visual Studio 2010
Project("{8BC9CEB8-8B4A-11D0-8D11-00A0C91BC942}") = "Castle", "Castle\Castle.vcxproj", "{2F1EDC23-0CAA-4153-B405-5BBFE9328111}"
EndProject
Global
	GlobalSection(SolutionConfigurationPlatforms) = preSolution
		Debug|Win32 = Debug|Win32
		Release|Win32 = Release|Win32
	EndGlobalSection
	GlobalSection(ProjectConfigurationPlatforms) = postSolution
		{2F1EDC23-0CAA-4153-B405-5BBFE9328111}.Debug|Win32.ActiveCfg = Debug|Win32
		{2F1EDC23-0CAA-4153-B405-5BBFE9328111}.Debug|Win32.Build.0 = Debug|Win32
		{2F1EDC23-0CAA-4153-B405-5BBFE9328111}.Release|Win32.ActiveCfg = Release|Win32
		{2F1EDC23-0CAA-4153-B405-5BBFE9328111}.Release|Win32.Build.0 = Release|Win32
	EndGlobalSection
	GlobalSection(SolutionProperties) = preSolution
		HideSolutionNode = FALSE
	EndGlobalSection
EndGlobal
